
Microsoft Visual Studio Solution File, Format Version 11.00
# Visual Studio 2010
Project("{FAE04EC0-301F-11D3-BF4B-00C04F79EFBC}") = "tcpclient", "tcpclient\tcpclient.csproj", "{AAC20884-D836-40C1-BB4D-E5D4189218DB}"
EndProject
Project("{FAE04EC0-301F-11D3-BF4B-00C04F79EFBC}") = "bouncycastle", "..\lib\bouncycastle\bouncycastle.csproj", "{673BD9E8-F0C3-4F45-96C2-259D896A02A6}"
EndProject
Global
	GlobalSection(SolutionConfigurationPlatforms) = preSolution
		Debug|Any CPU = Debug|Any CPU
		Release|Any CPU = Release|Any CPU
		Build|Any CPU = Build|Any CPU
	EndGlobalSection
	GlobalSection(ProjectConfigurationPlatforms) = postSolution
		{673BD9E8-F0C3-4F45-96C2-259D896A02A6}.Build|Any CPU.ActiveCfg = Build|Any CPU
		{673BD9E8-F0C3-4F45-96C2-259D896A02A6}.Build|Any CPU.Build.0 = Build|Any CPU
		{673BD9E8-F0C3-4F45-96C2-259D896A02A6}.Debug|Any CPU.ActiveCfg = Debug|Any CPU
		{673BD9E8-F0C3-4F45-96C2-259D896A02A6}.Debug|Any CPU.Build.0 = Debug|Any CPU
		{673BD9E8-F0C3-4F45-96C2-259D896A02A6}.Release|Any CPU.ActiveCfg = Release|Any CPU
		{673BD9E8-F0C3-4F45-96C2-259D896A02A6}.Release|Any CPU.Build.0 = Release|Any CPU
		{AAC20884-D836-40C1-BB4D-E5D4189218DB}.Build|Any CPU.ActiveCfg = Build|Any CPU
		{AAC20884-D836-40C1-BB4D-E5D4189218DB}.Build|Any CPU.Build.0 = Build|Any CPU
		{AAC20884-D836-40C1-BB4D-E5D4189218DB}.Debug|Any CPU.ActiveCfg = Debug|Any CPU
		{AAC20884-D836-40C1-BB4D-E5D4189218DB}.Debug|Any CPU.Build.0 = Debug|Any CPU
		{AAC20884-D836-40C1-BB4D-E5D4189218DB}.Release|Any CPU.ActiveCfg = Release|Any CPU
		{AAC20884-D836-40C1-BB4D-E5D4189218DB}.Release|Any CPU.Build.0 = Release|Any CPU
	EndGlobalSection
	GlobalSection(MonoDevelopProperties) = preSolution
		StartupItem = tcpclient\tcpclient.csproj
		Policies = $0
		$0.DotNetNamingPolicy = $1
		$1.DirectoryNamespaceAssociation = None
		$1.ResourceNamePolicy = FileFormatDefault
	EndGlobalSection
	GlobalSection(SolutionProperties) = preSolution
		HideSolutionNode = FALSE
	EndGlobalSection
EndGlobal
